
Microsoft Visual Studio Solution File, Format Version 12.00
# Visual Studio 14
VisualStudioVersion = 14.0.23107.0
MinimumVisualStudioVersion = 10.0.40219.1
Project("{FAE04EC0-301F-11D3-BF4B-00C04F79EFBC}") = "School", "School\School.csproj", "{F6C9992A-71AB-46A2-88A9-A0C30D6ABCFA}"
EndProject
Project("{FAE04EC0-301F-11D3-BF4B-00C04F79EFBC}") = "LanguageFeatures", "LanguageFeatures\LanguageFeatures.csproj", "{07E68544-297F-4B4B-A55B-FAACAF8167D8}"
EndProject
Project("{FAE04EC0-301F-11D3-BF4B-00C04F79EFBC}") = "LanguageFeatures.Tests", "LanguageFeatures.Tests\LanguageFeatures.Tests.csproj", "{DAB25B3B-F662-4D6B-A53F-DCE016D6A64B}"
EndProject
Project("{FAE04EC0-301F-11D3-BF4B-00C04F79EFBC}") = "SportsStore.WebUI", "SportsStore.WebUI\SportsStore.WebUI.csproj", "{BC9B7062-1407-4C00-BFA0-B7E230DCF09A}"
EndProject
Project("{FAE04EC0-301F-11D3-BF4B-00C04F79EFBC}") = "SportsStore.UnitTests", "SportsStore.UnitTests\SportsStore.UnitTests.csproj", "{4520ABEC-C21F-4A6A-8194-2F6868C30DD9}"
EndProject
Project("{FAE04EC0-301F-11D3-BF4B-00C04F79EFBC}") = "SportsStore.Domain", "SportsStore.Domain\SportsStore.Domain.csproj", "{F68F8B1C-2B70-475A-9DDD-1D3CEE1D7FF7}"
EndProject
Project("{FAE04EC0-301F-11D3-BF4B-00C04F79EFBC}") = "MyAngular", "MyAngular\MyAngular.csproj", "{D82BD92C-4368-4627-B44F-B577DA7C3D7B}"
EndProject
Project("{FAE04EC0-301F-11D3-BF4B-00C04F79EFBC}") = "MyAngular.Tests", "MyAngular.Tests\MyAngular.Tests.csproj", "{EFE786EC-B7A6-43C3-A010-3F431751BDAC}"
EndProject
Project("{FAE04EC0-301F-11D3-BF4B-00C04F79EFBC}") = "WebAPIDemo", "WebAPIDemo\WebAPIDemo.csproj", "{F849B154-12EB-4D3F-8EA8-B3620E5C324A}"
	ProjectSection(ProjectDependencies) = postProject
		{E7294D14-91BA-489F-8379-811C77A7B106} = {E7294D14-91BA-489F-8379-811C77A7B106}
	EndProjectSection
EndProject
Project("{8BB2217D-0F2D-49D1-97BC-3654ED321F3B}") = "Toolbox", "Toolbox\Toolbox.xproj", "{E7294D14-91BA-489F-8379-811C77A7B106}"
EndProject
Project("{8BB2217D-0F2D-49D1-97BC-3654ED321F3B}") = "Database_Backup", "Database_Backup\Database_Backup.xproj", "{523C955F-A2C1-48D5-B3C0-1BADF6374BBB}"
EndProject
Project("{FAE04EC0-301F-11D3-BF4B-00C04F79EFBC}") = "UrlsAndRoutes", "UrlsAndRoutes\UrlsAndRoutes.csproj", "{E91CD38A-C0BE-4F4D-BB26-E1D59EDA5226}"
EndProject
Project("{FAE04EC0-301F-11D3-BF4B-00C04F79EFBC}") = "UrlsAndRoutes.Tests", "UrlsAndRoutes.Tests\UrlsAndRoutes.Tests.csproj", "{48C41004-D547-4046-92F3-F6EBD6D5698F}"
EndProject
Global
	GlobalSection(SolutionConfigurationPlatforms) = preSolution
		Debug|Any CPU = Debug|Any CPU
		Release|Any CPU = Release|Any CPU
	EndGlobalSection
	GlobalSection(ProjectConfigurationPlatforms) = postSolution
		{F6C9992A-71AB-46A2-88A9-A0C30D6ABCFA}.Debug|Any CPU.ActiveCfg = Debug|Any CPU
		{F6C9992A-71AB-46A2-88A9-A0C30D6ABCFA}.Debug|Any CPU.Build.0 = Debug|Any CPU
		{F6C9992A-71AB-46A2-88A9-A0C30D6ABCFA}.Release|Any CPU.ActiveCfg = Release|Any CPU
		{F6C9992A-71AB-46A2-88A9-A0C30D6ABCFA}.Release|Any CPU.Build.0 = Release|Any CPU
		{07E68544-297F-4B4B-A55B-FAACAF8167D8}.Debug|Any CPU.ActiveCfg = Debug|Any CPU
		{07E68544-297F-4B4B-A55B-FAACAF8167D8}.Debug|Any CPU.Build.0 = Debug|Any CPU
		{07E68544-297F-4B4B-A55B-FAACAF8167D8}.Release|Any CPU.ActiveCfg = Release|Any CPU
		{07E68544-297F-4B4B-A55B-FAACAF8167D8}.Release|Any CPU.Build.0 = Release|Any CPU
		{DAB25B3B-F662-4D6B-A53F-DCE016D6A64B}.Debug|Any CPU.ActiveCfg = Debug|Any CPU
		{DAB25B3B-F662-4D6B-A53F-DCE016D6A64B}.Debug|Any CPU.Build.0 = Debug|Any CPU
		{DAB25B3B-F662-4D6B-A53F-DCE016D6A64B}.Release|Any CPU.ActiveCfg = Release|Any CPU
		{DAB25B3B-F662-4D6B-A53F-DCE016D6A64B}.Release|Any CPU.Build.0 = Release|Any CPU
		{BC9B7062-1407-4C00-BFA0-B7E230DCF09A}.Debug|Any CPU.ActiveCfg = Debug|Any CPU
		{BC9B7062-1407-4C00-BFA0-B7E230DCF09A}.Debug|Any CPU.Build.0 = Debug|Any CPU
		{BC9B7062-1407-4C00-BFA0-B7E230DCF09A}.Release|Any CPU.ActiveCfg = Release|Any CPU
		{BC9B7062-1407-4C00-BFA0-B7E230DCF09A}.Release|Any CPU.Build.0 = Release|Any CPU
		{4520ABEC-C21F-4A6A-8194-2F6868C30DD9}.Debug|Any CPU.ActiveCfg = Debug|Any CPU
		{4520ABEC-C21F-4A6A-8194-2F6868C30DD9}.Debug|Any CPU.Build.0 = Debug|Any CPU
		{4520ABEC-C21F-4A6A-8194-2F6868C30DD9}.Release|Any CPU.ActiveCfg = Release|Any CPU
		{4520ABEC-C21F-4A6A-8194-2F6868C30DD9}.Release|Any CPU.Build.0 = Release|Any CPU
		{F68F8B1C-2B70-475A-9DDD-1D3CEE1D7FF7}.Debug|Any CPU.ActiveCfg = Debug|Any CPU
		{F68F8B1C-2B70-475A-9DDD-1D3CEE1D7FF7}.Debug|Any CPU.Build.0 = Debug|Any CPU
		{F68F8B1C-2B70-475A-9DDD-1D3CEE1D7FF7}.Release|Any CPU.ActiveCfg = Release|Any CPU
		{F68F8B1C-2B70-475A-9DDD-1D3CEE1D7FF7}.Release|Any CPU.Build.0 = Release|Any CPU
		{D82BD92C-4368-4627-B44F-B577DA7C3D7B}.Debug|Any CPU.ActiveCfg = Debug|Any CPU
		{D82BD92C-4368-4627-B44F-B577DA7C3D7B}.Debug|Any CPU.Build.0 = Debug|Any CPU
		{D82BD92C-4368-4627-B44F-B577DA7C3D7B}.Release|Any CPU.ActiveCfg = Release|Any CPU
		{D82BD92C-4368-4627-B44F-B577DA7C3D7B}.Release|Any CPU.Build.0 = Release|Any CPU
		{EFE786EC-B7A6-43C3-A010-3F431751BDAC}.Debug|Any CPU.ActiveCfg = Debug|Any CPU
		{EFE786EC-B7A6-43C3-A010-3F431751BDAC}.Debug|Any CPU.Build.0 = Debug|Any CPU
		{EFE786EC-B7A6-43C3-A010-3F431751BDAC}.Release|Any CPU.ActiveCfg = Release|Any CPU
		{EFE786EC-B7A6-43C3-A010-3F431751BDAC}.Release|Any CPU.Build.0 = Release|Any CPU
		{F849B154-12EB-4D3F-8EA8-B3620E5C324A}.Debug|Any CPU.ActiveCfg = Debug|Any CPU
		{F849B154-12EB-4D3F-8EA8-B3620E5C324A}.Debug|Any CPU.Build.0 = Debug|Any CPU
		{F849B154-12EB-4D3F-8EA8-B3620E5C324A}.Release|Any CPU.ActiveCfg = Release|Any CPU
		{F849B154-12EB-4D3F-8EA8-B3620E5C324A}.Release|Any CPU.Build.0 = Release|Any CPU
		{E7294D14-91BA-489F-8379-811C77A7B106}.Debug|Any CPU.ActiveCfg = Debug|Any CPU
		{E7294D14-91BA-489F-8379-811C77A7B106}.Debug|Any CPU.Build.0 = Debug|Any CPU
		{E7294D14-91BA-489F-8379-811C77A7B106}.Release|Any CPU.ActiveCfg = Release|Any CPU
		{E7294D14-91BA-489F-8379-811C77A7B106}.Release|Any CPU.Build.0 = Release|Any CPU
		{523C955F-A2C1-48D5-B3C0-1BADF6374BBB}.Debug|Any CPU.ActiveCfg = Debug|Any CPU
		{523C955F-A2C1-48D5-B3C0-1BADF6374BBB}.Debug|Any CPU.Build.0 = Debug|Any CPU
		{523C955F-A2C1-48D5-B3C0-1BADF6374BBB}.Release|Any CPU.ActiveCfg = Release|Any CPU
		{523C955F-A2C1-48D5-B3C0-1BADF6374BBB}.Release|Any CPU.Build.0 = Release|Any CPU
		{E91CD38A-C0BE-4F4D-BB26-E1D59EDA5226}.Debug|Any CPU.ActiveCfg = Debug|Any CPU
		{E91CD38A-C0BE-4F4D-BB26-E1D59EDA5226}.Debug|Any CPU.Build.0 = Debug|Any CPU
		{E91CD38A-C0BE-4F4D-BB26-E1D59EDA5226}.Release|Any CPU.ActiveCfg = Release|Any CPU
		{E91CD38A-C0BE-4F4D-BB26-E1D59EDA5226}.Release|Any CPU.Build.0 = Release|Any CPU
		{48C41004-D547-4046-92F3-F6EBD6D5698F}.Debug|Any CPU.ActiveCfg = Debug|Any CPU
		{48C41004-D547-4046-92F3-F6EBD6D5698F}.Debug|Any CPU.Build.0 = Debug|Any CPU
		{48C41004-D547-4046-92F3-F6EBD6D5698F}.Release|Any CPU.ActiveCfg = Release|Any CPU
		{48C41004-D547-4046-92F3-F6EBD6D5698F}.Release|Any CPU.Build.0 = Release|Any CPU
	EndGlobalSection
	GlobalSection(SolutionProperties) = preSolution
		HideSolutionNode = FALSE
	EndGlobalSection
EndGlobal
